
Microsoft Visual Studio Solution File, Format Version 12.00
# Visual Studio Version 17
VisualStudioVersion = 17.3.32825.248
MinimumVisualStudioVersion = 10.0.40219.1
Project("{FAE04EC0-301F-11D3-BF4B-00C04F79EFBC}") = "Presentacion", "Presentacion\Presentacion.csproj", "{5933D959-333D-40AE-8A93-3BBCADAD4D5E}"
EndProject
Project("{FAE04EC0-301F-11D3-BF4B-00C04F79EFBC}") = "dominio", "dominio\dominio.csproj", "{9ED22F2A-9365-460C-B1D0-B39C7E44001D}"
EndProject
Project("{FAE04EC0-301F-11D3-BF4B-00C04F79EFBC}") = "negocio", "negocio\negocio.csproj", "{31B23577-7D96-40C0-B794-8FBBC1BC2898}"
EndProject
Global
	GlobalSection(SolutionConfigurationPlatforms) = preSolution
		Debug|Any CPU = Debug|Any CPU
		Release|Any CPU = Release|Any CPU
	EndGlobalSection
	GlobalSection(ProjectConfigurationPlatforms) = postSolution
		{5933D959-333D-40AE-8A93-3BBCADAD4D5E}.Debug|Any CPU.ActiveCfg = Debug|Any CPU
		{5933D959-333D-40AE-8A93-3BBCADAD4D5E}.Debug|Any CPU.Build.0 = Debug|Any CPU
		{5933D959-333D-40AE-8A93-3BBCADAD4D5E}.Release|Any CPU.ActiveCfg = Release|Any CPU
		{5933D959-333D-40AE-8A93-3BBCADAD4D5E}.Release|Any CPU.Build.0 = Release|Any CPU
		{9ED22F2A-9365-460C-B1D0-B39C7E44001D}.Debug|Any CPU.ActiveCfg = Debug|Any CPU
		{9ED22F2A-9365-460C-B1D0-B39C7E44001D}.Debug|Any CPU.Build.0 = Debug|Any CPU
		{9ED22F2A-9365-460C-B1D0-B39C7E44001D}.Release|Any CPU.ActiveCfg = Release|Any CPU
		{9ED22F2A-9365-460C-B1D0-B39C7E44001D}.Release|Any CPU.Build.0 = Release|Any CPU
		{31B23577-7D96-40C0-B794-8FBBC1BC2898}.Debug|Any CPU.ActiveCfg = Debug|Any CPU
		{31B23577-7D96-40C0-B794-8FBBC1BC2898}.Debug|Any CPU.Build.0 = Debug|Any CPU
		{31B23577-7D96-40C0-B794-8FBBC1BC2898}.Release|Any CPU.ActiveCfg = Release|Any CPU
		{31B23577-7D96-40C0-B794-8FBBC1BC2898}.Release|Any CPU.Build.0 = Release|Any CPU
	EndGlobalSection
	GlobalSection(SolutionProperties) = preSolution
		HideSolutionNode = FALSE
	EndGlobalSection
	GlobalSection(ExtensibilityGlobals) = postSolution
		SolutionGuid = {68B8F854-4134-4969-8BEF-EFAE5F40242A}
	EndGlobalSection
EndGlobal
